
Microsoft Visual Studio Solution File, Format Version 12.00
# Visual Studio 15
VisualStudioVersion = 15.0.27703.2018
MinimumVisualStudioVersion = 10.0.40219.1
Project("{9A19103F-16F7-4668-BE54-9A1E7A4F7556}") = "CodyQuiz.Web", "CodyQuiz.Web\CodyQuiz.Web.csproj", "{3D97C138-6AA9-404D-A9D8-86841F9F2172}"
EndProject
Global
	GlobalSection(SolutionConfigurationPlatforms) = preSolution
		Debug|Any CPU = Debug|Any CPU
		Release|Any CPU = Release|Any CPU
	EndGlobalSection
	GlobalSection(ProjectConfigurationPlatforms) = postSolution
		{3D97C138-6AA9-404D-A9D8-86841F9F2172}.Debug|Any CPU.ActiveCfg = Debug|Any CPU
		{3D97C138-6AA9-404D-A9D8-86841F9F2172}.Debug|Any CPU.Build.0 = Debug|Any CPU
		{3D97C138-6AA9-404D-A9D8-86841F9F2172}.Release|Any CPU.ActiveCfg = Release|Any CPU
		{3D97C138-6AA9-404D-A9D8-86841F9F2172}.Release|Any CPU.Build.0 = Release|Any CPU
	EndGlobalSection
	GlobalSection(SolutionProperties) = preSolution
		HideSolutionNode = FALSE
	EndGlobalSection
	GlobalSection(ExtensibilityGlobals) = postSolution
		SolutionGuid = {785AEC59-84CC-4D70-92FF-40579A46310C}
	EndGlobalSection
EndGlobal
